
Microsoft Visual Studio Solution File, Format Version 12.00
# Visual Studio Version 17
VisualStudioVersion = 17.14.36623.8 d17.14
MinimumVisualStudioVersion = 10.0.40219.1
Project("{FAE04EC0-301F-11D3-BF4B-00C04F79EFBC}") = "ApplicationService", "ApplicationService\ApplicationService.csproj", "{29375477-B789-47D4-B924-403322B63A0F}"
EndProject
Global
	GlobalSection(SolutionConfigurationPlatforms) = preSolution
		Debug|Any CPU = Debug|Any CPU
		Release|Any CPU = Release|Any CPU
	EndGlobalSection
	GlobalSection(ProjectConfigurationPlatforms) = postSolution
		{29375477-B789-47D4-B924-403322B63A0F}.Debug|Any CPU.ActiveCfg = Debug|Any CPU
		{29375477-B789-47D4-B924-403322B63A0F}.Debug|Any CPU.Build.0 = Debug|Any CPU
		{29375477-B789-47D4-B924-403322B63A0F}.Release|Any CPU.ActiveCfg = Release|Any CPU
		{29375477-B789-47D4-B924-403322B63A0F}.Release|Any CPU.Build.0 = Release|Any CPU
	EndGlobalSection
	GlobalSection(SolutionProperties) = preSolution
		HideSolutionNode = FALSE
	EndGlobalSection
	GlobalSection(ExtensibilityGlobals) = postSolution
		SolutionGuid = {891C4427-DD36-4F7F-A1FD-85F879EDA194}
	EndGlobalSection
EndGlobal
